
Microsoft Visual Studio Solution File, Format Version 12.00
# Visual Studio Version 17
VisualStudioVersion = 17.5.33516.290
MinimumVisualStudioVersion = 10.0.40219.1
Project("{FAE04EC0-301F-11D3-BF4B-00C04F79EFBC}") = "WebApplication", "WebApplication\WebApplication.csproj", "{96C6ED3C-2EC5-4555-A910-1791F0BF497F}"
EndProject
Project("{FAE04EC0-301F-11D3-BF4B-00C04F79EFBC}") = "Domain", "Domain\Domain.csproj", "{9CC0FA10-211D-4FCF-8C7C-EF818D868A4A}"
EndProject
Project("{FAE04EC0-301F-11D3-BF4B-00C04F79EFBC}") = "Infrastructure", "Infrastructure\Infrastructure.csproj", "{8E48C627-3852-4BAB-9375-394046693C92}"
EndProject
Project("{FAE04EC0-301F-11D3-BF4B-00C04F79EFBC}") = "Application", "Application\Application.csproj", "{AD2A2AC9-18DE-49C4-9123-F2F585118772}"
EndProject
Project("{2150E333-8FDC-42A3-9474-1A3956D46DE8}") = "UserInterface", "UserInterface", "{051A1096-5426-4E01-9850-52EF26B3F50D}"
	ProjectSection(SolutionItems) = preProject
		WebApplication\UI层.txt = WebApplication\UI层.txt
	EndProjectSection
EndProject
Project("{FAE04EC0-301F-11D3-BF4B-00C04F79EFBC}") = "WebApi", "WebApi\WebApi.csproj", "{C5025617-81AF-4DCF-96B5-32C16BDE719D}"
EndProject
Global
	GlobalSection(SolutionConfigurationPlatforms) = preSolution
		Debug|Any CPU = Debug|Any CPU
		Release|Any CPU = Release|Any CPU
	EndGlobalSection
	GlobalSection(ProjectConfigurationPlatforms) = postSolution
		{96C6ED3C-2EC5-4555-A910-1791F0BF497F}.Debug|Any CPU.ActiveCfg = Debug|Any CPU
		{96C6ED3C-2EC5-4555-A910-1791F0BF497F}.Debug|Any CPU.Build.0 = Debug|Any CPU
		{96C6ED3C-2EC5-4555-A910-1791F0BF497F}.Release|Any CPU.ActiveCfg = Release|Any CPU
		{96C6ED3C-2EC5-4555-A910-1791F0BF497F}.Release|Any CPU.Build.0 = Release|Any CPU
		{9CC0FA10-211D-4FCF-8C7C-EF818D868A4A}.Debug|Any CPU.ActiveCfg = Debug|Any CPU
		{9CC0FA10-211D-4FCF-8C7C-EF818D868A4A}.Debug|Any CPU.Build.0 = Debug|Any CPU
		{9CC0FA10-211D-4FCF-8C7C-EF818D868A4A}.Release|Any CPU.ActiveCfg = Release|Any CPU
		{9CC0FA10-211D-4FCF-8C7C-EF818D868A4A}.Release|Any CPU.Build.0 = Release|Any CPU
		{8E48C627-3852-4BAB-9375-394046693C92}.Debug|Any CPU.ActiveCfg = Debug|Any CPU
		{8E48C627-3852-4BAB-9375-394046693C92}.Debug|Any CPU.Build.0 = Debug|Any CPU
		{8E48C627-3852-4BAB-9375-394046693C92}.Release|Any CPU.ActiveCfg = Release|Any CPU
		{8E48C627-3852-4BAB-9375-394046693C92}.Release|Any CPU.Build.0 = Release|Any CPU
		{AD2A2AC9-18DE-49C4-9123-F2F585118772}.Debug|Any CPU.ActiveCfg = Debug|Any CPU
		{AD2A2AC9-18DE-49C4-9123-F2F585118772}.Debug|Any CPU.Build.0 = Debug|Any CPU
		{AD2A2AC9-18DE-49C4-9123-F2F585118772}.Release|Any CPU.ActiveCfg = Release|Any CPU
		{AD2A2AC9-18DE-49C4-9123-F2F585118772}.Release|Any CPU.Build.0 = Release|Any CPU
		{C5025617-81AF-4DCF-96B5-32C16BDE719D}.Debug|Any CPU.ActiveCfg = Debug|Any CPU
		{C5025617-81AF-4DCF-96B5-32C16BDE719D}.Debug|Any CPU.Build.0 = Debug|Any CPU
		{C5025617-81AF-4DCF-96B5-32C16BDE719D}.Release|Any CPU.ActiveCfg = Release|Any CPU
		{C5025617-81AF-4DCF-96B5-32C16BDE719D}.Release|Any CPU.Build.0 = Release|Any CPU
	EndGlobalSection
	GlobalSection(SolutionProperties) = preSolution
		HideSolutionNode = FALSE
	EndGlobalSection
	GlobalSection(NestedProjects) = preSolution
		{96C6ED3C-2EC5-4555-A910-1791F0BF497F} = {051A1096-5426-4E01-9850-52EF26B3F50D}
		{C5025617-81AF-4DCF-96B5-32C16BDE719D} = {051A1096-5426-4E01-9850-52EF26B3F50D}
	EndGlobalSection
	GlobalSection(ExtensibilityGlobals) = postSolution
		SolutionGuid = {C1F933E4-8DBB-4A1A-AA7C-1B20565AEA82}
	EndGlobalSection
EndGlobal
